
Microsoft Visual Studio Solution File, Format Version 12.00
# Visual Studio Version 16
VisualStudioVersion = 16.0.31112.23
MinimumVisualStudioVersion = 10.0.40219.1
Project("{FAE04EC0-301F-11D3-BF4B-00C04F79EFBC}") = "DynamicCurrencyConverter", "DynamicCurrencyConverter\DynamicCurrencyConverter.csproj", "{20EB40E8-2564-42C7-BFF5-8274CC32CEEF}"
EndProject
Global
	GlobalSection(SolutionConfigurationPlatforms) = preSolution
		Debug|Any CPU = Debug|Any CPU
		Release|Any CPU = Release|Any CPU
	EndGlobalSection
	GlobalSection(ProjectConfigurationPlatforms) = postSolution
		{20EB40E8-2564-42C7-BFF5-8274CC32CEEF}.Debug|Any CPU.ActiveCfg = Debug|Any CPU
		{20EB40E8-2564-42C7-BFF5-8274CC32CEEF}.Debug|Any CPU.Build.0 = Debug|Any CPU
		{20EB40E8-2564-42C7-BFF5-8274CC32CEEF}.Release|Any CPU.ActiveCfg = Release|Any CPU
		{20EB40E8-2564-42C7-BFF5-8274CC32CEEF}.Release|Any CPU.Build.0 = Release|Any CPU
	EndGlobalSection
	GlobalSection(SolutionProperties) = preSolution
		HideSolutionNode = FALSE
	EndGlobalSection
	GlobalSection(ExtensibilityGlobals) = postSolution
		SolutionGuid = {FFF37920-BCC5-454B-BA6A-67DDE20D57A7}
	EndGlobalSection
EndGlobal
